
Microsoft Visual Studio Solution File, Format Version 12.00
# Visual Studio Version 16
VisualStudioVersion = 16.0.36227.6
MinimumVisualStudioVersion = 10.0.40219.1
Project("{FAE04EC0-301F-11D3-BF4B-00C04F79EFBC}") = "CodingChallenge7", "CodingChallenge7\CodingChallenge7.csproj", "{35F547E4-33E8-4DCB-B891-880770443727}"
EndProject
Global
	GlobalSection(SolutionConfigurationPlatforms) = preSolution
		Debug|Any CPU = Debug|Any CPU
		Release|Any CPU = Release|Any CPU
	EndGlobalSection
	GlobalSection(ProjectConfigurationPlatforms) = postSolution
		{35F547E4-33E8-4DCB-B891-880770443727}.Debug|Any CPU.ActiveCfg = Debug|Any CPU
		{35F547E4-33E8-4DCB-B891-880770443727}.Debug|Any CPU.Build.0 = Debug|Any CPU
		{35F547E4-33E8-4DCB-B891-880770443727}.Release|Any CPU.ActiveCfg = Release|Any CPU
		{35F547E4-33E8-4DCB-B891-880770443727}.Release|Any CPU.Build.0 = Release|Any CPU
	EndGlobalSection
	GlobalSection(SolutionProperties) = preSolution
		HideSolutionNode = FALSE
	EndGlobalSection
	GlobalSection(ExtensibilityGlobals) = postSolution
		SolutionGuid = {D7C15988-B892-43F0-B944-6A5A1BA2A863}
	EndGlobalSection
EndGlobal
