
Microsoft Visual Studio Solution File, Format Version 12.00
# Visual Studio Version 16
VisualStudioVersion = 16.0.36227.6
MinimumVisualStudioVersion = 10.0.40219.1
Project("{FAE04EC0-301F-11D3-BF4B-00C04F79EFBC}") = "Form_Validation", "Form_Validation\Form_Validation.csproj", "{B2CC344B-AC87-4FAF-88A5-70C5DF67C62D}"
EndProject
Global
	GlobalSection(SolutionConfigurationPlatforms) = preSolution
		Debug|Any CPU = Debug|Any CPU
		Release|Any CPU = Release|Any CPU
	EndGlobalSection
	GlobalSection(ProjectConfigurationPlatforms) = postSolution
		{B2CC344B-AC87-4FAF-88A5-70C5DF67C62D}.Debug|Any CPU.ActiveCfg = Debug|Any CPU
		{B2CC344B-AC87-4FAF-88A5-70C5DF67C62D}.Debug|Any CPU.Build.0 = Debug|Any CPU
		{B2CC344B-AC87-4FAF-88A5-70C5DF67C62D}.Release|Any CPU.ActiveCfg = Release|Any CPU
		{B2CC344B-AC87-4FAF-88A5-70C5DF67C62D}.Release|Any CPU.Build.0 = Release|Any CPU
	EndGlobalSection
	GlobalSection(SolutionProperties) = preSolution
		HideSolutionNode = FALSE
	EndGlobalSection
	GlobalSection(ExtensibilityGlobals) = postSolution
		SolutionGuid = {F1EC60BB-8152-425C-98C8-D7C101335B72}
	EndGlobalSection
EndGlobal
