
Microsoft Visual Studio Solution File, Format Version 12.00
# Visual Studio Version 16
VisualStudioVersion = 16.0.36128.20
MinimumVisualStudioVersion = 10.0.40219.1
Project("{FAE04EC0-301F-11D3-BF4B-00C04F79EFBC}") = "CodeChallenge1_CSharp", "CodeChallenge1_CSharp\CodeChallenge1_CSharp.csproj", "{EAB3116A-CD97-4893-A2AD-AFDFF1A65C86}"
EndProject
Global
	GlobalSection(SolutionConfigurationPlatforms) = preSolution
		Debug|Any CPU = Debug|Any CPU
		Release|Any CPU = Release|Any CPU
	EndGlobalSection
	GlobalSection(ProjectConfigurationPlatforms) = postSolution
		{EAB3116A-CD97-4893-A2AD-AFDFF1A65C86}.Debug|Any CPU.ActiveCfg = Debug|Any CPU
		{EAB3116A-CD97-4893-A2AD-AFDFF1A65C86}.Debug|Any CPU.Build.0 = Debug|Any CPU
		{EAB3116A-CD97-4893-A2AD-AFDFF1A65C86}.Release|Any CPU.ActiveCfg = Release|Any CPU
		{EAB3116A-CD97-4893-A2AD-AFDFF1A65C86}.Release|Any CPU.Build.0 = Release|Any CPU
	EndGlobalSection
	GlobalSection(SolutionProperties) = preSolution
		HideSolutionNode = FALSE
	EndGlobalSection
	GlobalSection(ExtensibilityGlobals) = postSolution
		SolutionGuid = {8CB652C0-9EB0-4212-88CF-B2946C1B893D}
	EndGlobalSection
EndGlobal
