
Microsoft Visual Studio Solution File, Format Version 12.00
# Visual Studio Version 16
VisualStudioVersion = 16.0.36128.20
MinimumVisualStudioVersion = 10.0.40219.1
Project("{FAE04EC0-301F-11D3-BF4B-00C04F79EFBC}") = "Assignment-6", "Assignment-6\Assignment-6.csproj", "{4A7A5591-8325-435D-98E0-EF356A9D806C}"
EndProject
Global
	GlobalSection(SolutionConfigurationPlatforms) = preSolution
		Debug|Any CPU = Debug|Any CPU
		Release|Any CPU = Release|Any CPU
	EndGlobalSection
	GlobalSection(ProjectConfigurationPlatforms) = postSolution
		{4A7A5591-8325-435D-98E0-EF356A9D806C}.Debug|Any CPU.ActiveCfg = Debug|Any CPU
		{4A7A5591-8325-435D-98E0-EF356A9D806C}.Debug|Any CPU.Build.0 = Debug|Any CPU
		{4A7A5591-8325-435D-98E0-EF356A9D806C}.Release|Any CPU.ActiveCfg = Release|Any CPU
		{4A7A5591-8325-435D-98E0-EF356A9D806C}.Release|Any CPU.Build.0 = Release|Any CPU
	EndGlobalSection
	GlobalSection(SolutionProperties) = preSolution
		HideSolutionNode = FALSE
	EndGlobalSection
	GlobalSection(ExtensibilityGlobals) = postSolution
		SolutionGuid = {2CAA1930-7944-42E2-B5B2-8E7D08E804C0}
	EndGlobalSection
EndGlobal
