
Microsoft Visual Studio Solution File, Format Version 12.00
# Visual Studio Version 16
VisualStudioVersion = 16.0.36227.6
MinimumVisualStudioVersion = 10.0.40219.1
Project("{FAE04EC0-301F-11D3-BF4B-00C04F79EFBC}") = "Assignment1", "Assignment1\Assignment1.csproj", "{F9556ED1-6344-4263-9AD6-32D1B718FFEE}"
EndProject
Global
	GlobalSection(SolutionConfigurationPlatforms) = preSolution
		Debug|Any CPU = Debug|Any CPU
		Release|Any CPU = Release|Any CPU
	EndGlobalSection
	GlobalSection(ProjectConfigurationPlatforms) = postSolution
		{F9556ED1-6344-4263-9AD6-32D1B718FFEE}.Debug|Any CPU.ActiveCfg = Debug|Any CPU
		{F9556ED1-6344-4263-9AD6-32D1B718FFEE}.Debug|Any CPU.Build.0 = Debug|Any CPU
		{F9556ED1-6344-4263-9AD6-32D1B718FFEE}.Release|Any CPU.ActiveCfg = Release|Any CPU
		{F9556ED1-6344-4263-9AD6-32D1B718FFEE}.Release|Any CPU.Build.0 = Release|Any CPU
	EndGlobalSection
	GlobalSection(SolutionProperties) = preSolution
		HideSolutionNode = FALSE
	EndGlobalSection
	GlobalSection(ExtensibilityGlobals) = postSolution
		SolutionGuid = {6FE480B3-0CCB-45E0-86C4-FEEC043CBD7C}
	EndGlobalSection
EndGlobal
