
Microsoft Visual Studio Solution File, Format Version 12.00
# Visual Studio Version 16
VisualStudioVersion = 16.0.36227.6
MinimumVisualStudioVersion = 10.0.40219.1
Project("{FAE04EC0-301F-11D3-BF4B-00C04F79EFBC}") = "Mini_Project_RRS", "Mini_Project_RRS\Mini_Project_RRS.csproj", "{8D99FC40-A5B4-4FEC-9841-9E3A4D2EB790}"
EndProject
Global
	GlobalSection(SolutionConfigurationPlatforms) = preSolution
		Debug|Any CPU = Debug|Any CPU
		Release|Any CPU = Release|Any CPU
	EndGlobalSection
	GlobalSection(ProjectConfigurationPlatforms) = postSolution
		{8D99FC40-A5B4-4FEC-9841-9E3A4D2EB790}.Debug|Any CPU.ActiveCfg = Debug|Any CPU
		{8D99FC40-A5B4-4FEC-9841-9E3A4D2EB790}.Debug|Any CPU.Build.0 = Debug|Any CPU
		{8D99FC40-A5B4-4FEC-9841-9E3A4D2EB790}.Release|Any CPU.ActiveCfg = Release|Any CPU
		{8D99FC40-A5B4-4FEC-9841-9E3A4D2EB790}.Release|Any CPU.Build.0 = Release|Any CPU
	EndGlobalSection
	GlobalSection(SolutionProperties) = preSolution
		HideSolutionNode = FALSE
	EndGlobalSection
	GlobalSection(ExtensibilityGlobals) = postSolution
		SolutionGuid = {45D8F424-F03A-40BA-A1AB-01D339118160}
	EndGlobalSection
EndGlobal
