
Microsoft Visual Studio Solution File, Format Version 12.00
# Visual Studio Version 16
VisualStudioVersion = 16.0.36227.6
MinimumVisualStudioVersion = 10.0.40219.1
Project("{FAE04EC0-301F-11D3-BF4B-00C04F79EFBC}") = "Coding_Challenge9", "Coding_Challenge9\Coding_Challenge9.csproj", "{9C1993A2-0EB6-4D28-ADA4-A7833F14EDFC}"
EndProject
Global
	GlobalSection(SolutionConfigurationPlatforms) = preSolution
		Debug|Any CPU = Debug|Any CPU
		Release|Any CPU = Release|Any CPU
	EndGlobalSection
	GlobalSection(ProjectConfigurationPlatforms) = postSolution
		{9C1993A2-0EB6-4D28-ADA4-A7833F14EDFC}.Debug|Any CPU.ActiveCfg = Debug|Any CPU
		{9C1993A2-0EB6-4D28-ADA4-A7833F14EDFC}.Debug|Any CPU.Build.0 = Debug|Any CPU
		{9C1993A2-0EB6-4D28-ADA4-A7833F14EDFC}.Release|Any CPU.ActiveCfg = Release|Any CPU
		{9C1993A2-0EB6-4D28-ADA4-A7833F14EDFC}.Release|Any CPU.Build.0 = Release|Any CPU
	EndGlobalSection
	GlobalSection(SolutionProperties) = preSolution
		HideSolutionNode = FALSE
	EndGlobalSection
	GlobalSection(ExtensibilityGlobals) = postSolution
		SolutionGuid = {B215306B-B8F6-43DB-BD5F-AB0E61F3B96A}
	EndGlobalSection
EndGlobal
