
Microsoft Visual Studio Solution File, Format Version 12.00
# Visual Studio Version 16
VisualStudioVersion = 16.0.36128.20
MinimumVisualStudioVersion = 10.0.40219.1
Project("{FAE04EC0-301F-11D3-BF4B-00C04F79EFBC}") = "Assignment-2", "Assignment-2\Assignment-2.csproj", "{B9623556-42D2-402C-8F99-7D1CC1981BB0}"
EndProject
Global
	GlobalSection(SolutionConfigurationPlatforms) = preSolution
		Debug|Any CPU = Debug|Any CPU
		Release|Any CPU = Release|Any CPU
	EndGlobalSection
	GlobalSection(ProjectConfigurationPlatforms) = postSolution
		{B9623556-42D2-402C-8F99-7D1CC1981BB0}.Debug|Any CPU.ActiveCfg = Debug|Any CPU
		{B9623556-42D2-402C-8F99-7D1CC1981BB0}.Debug|Any CPU.Build.0 = Debug|Any CPU
		{B9623556-42D2-402C-8F99-7D1CC1981BB0}.Release|Any CPU.ActiveCfg = Release|Any CPU
		{B9623556-42D2-402C-8F99-7D1CC1981BB0}.Release|Any CPU.Build.0 = Release|Any CPU
	EndGlobalSection
	GlobalSection(SolutionProperties) = preSolution
		HideSolutionNode = FALSE
	EndGlobalSection
	GlobalSection(ExtensibilityGlobals) = postSolution
		SolutionGuid = {140C0E42-ADC9-43EE-9AF5-63A73C9CD795}
	EndGlobalSection
EndGlobal
